<Solution>
  <Folder Name="/Testing/">
    <Project Path="solution/tests/NLayerTemplate.Testing.Integration/NLayerTemplate.Testing.Integration.csproj" Id="c790a793-aaa4-478f-8824-c475a11de900" />
    <Project Path="solution/tests/NLayerTemplate.Testing.Services.Unit/NLayerTemplate.Testing.Unit.csproj" Id="ce2677fd-82dc-4c75-8034-6e26c0d8dfad" />
  </Folder>
  <Project Path="docker-compose.dcproj">
    <Build />
  </Project>
  <Project Path="solution/NLayerTemplate.Data/NLayerTemplate.Data.csproj" />
  <Project Path="solution/NLayerTemplate.Repository/NLayerTemplate.Repository.csproj" />
  <Project Path="solution/NLayerTemplate.Service/NLayerTemplate.Service.csproj" />
  <Project Path="solution/NLayerTemplate.Web.API/NLayerTemplate.Web.API.csproj" />
  <Project Path="solution/NLayerTemplate.Web.MVC/NLayerTemplate.Web.MVC.csproj" />
</Solution>
